github.com/funny/fastbin v0.0.0-20161029080037-223b4fecc9b1 h1:obYWWl5ttSFJTGwf1BEm0n67L+XLWjw0qPo+KA51TCg=
github.com/funny/fastbin v0.0.0-20161029080037-223b4fecc9b1/go.mod h1:sZiiaylXQ4i/lLkh/TYdLxQCpBt72PQ8YLwiWzkA3SU=
github.com/funny/link v0.0.0-20190805113223-98708916287b h1:10z91K3w/nwTxulupVpdrR+8NhzyWufPbGgvy3zYscQ=
github.com/funny/link v0.0.0-20190805113223-98708916287b/go.mod h1:ajJ48jAHusPjnL6cGCP4+f2JoOjBUttNeVas4w9NXtc=
github.com/funny/pprof v0.0.0-20151224073220-98f026be1494 h1:H8PXm18qZMODO29K00do4yN237yJlKe3Dkh5Ev9rSG0=
github.com/funny/pprof v0.0.0-20151224073220-98f026be1494/go.mod h1:p4+HG+QvEZZpVKhV9P+OaxWLU425ivTZfdw+M9Jlxts=
github.com/funny/slab v0.0.0-20180511031532-b1fad5e5d478 h1:Db9StoJ6RZN3YttC0Pm0I4Y5izITRYch3RMbT59BYN0=
github.com/funny/slab v0.0.0-20180511031532-b1fad5e5d478/go.mod h1:0j1+svBH8ABEIPdUP0AIg4qedsybnXGJBakCEw8cfoo=
github.com/funny/utest v0.0.0-20161029064919-43870a374500 h1:Z0r1CZnoIWFB/Uiwh1BU5FYmuFe6L5NPi6XWQEmsTRg=
github.com/funny/utest v0.0.0-20161029064919-43870a374500/go.mod h1:mUn39tBov9jKnTWV1RlOYoNzxdBFHiSzXWdY1FoNGGg=
