git.tube/funny/fastbin v0.0.0-20220823103532-625138ca844d h1:GB6fxYQBY29FVhGRqTSW74t4GP/6yuWqA4N22MzBlik=
git.tube/funny/fastbin v0.0.0-20220823103532-625138ca844d/go.mod h1:XFQt78kx4LR252afxox5gbL7ykRJNyE0pKreKgJbyLY=
git.tube/funny/link v0.0.0-20230228061219-3888fe7840de h1:BiN1RceKkMCpDpncDz/FZuu3Fx/h2QaiNLdMyelgs64=
git.tube/funny/link v0.0.0-20230228061219-3888fe7840de/go.mod h1:Iru98oC2dvYPsVq+BCEfaw+VJ+ept4LxHbXjXHxrq1Y=
git.tube/funny/pprof v0.0.0-20241231103135-8fc30d50e784 h1:fgscH8/VmaHAi2EtSv9+zIVt+dR68BM8KqfRQ6hKfrI=
git.tube/funny/pprof v0.0.0-20241231103135-8fc30d50e784/go.mod h1:jziaTk+TCkw10J90cOwPNrDLyvMQZVdDq7bPnDR/gD4=
git.tube/funny/slab v0.0.0-20220610025411-9fb5b6219b58 h1:jCkusQtC9LfhFcnGhSOiflegg+5569vymjRpOIKNMpM=
git.tube/funny/slab v0.0.0-20220610025411-9fb5b6219b58/go.mod h1:skwn55QVEOPJCJ+Au2bkJB4KuCH8E+pDkrwFeA67GcU=
git.tube/funny/utest v0.0.0-20220610022213-e83fb7b60219 h1:vLbtkbtbtdO6X05p6ee3Q36L/HpvH899Q/7RWZWQA7c=
git.tube/funny/utest v0.0.0-20220610022213-e83fb7b60219/go.mod h1:NDzepaHXSSd+YzKHLu/TC6MizHw30aJvjc9CBU7dKsY=
